
Microsoft Visual Studio Solution File, Format Version 12.00
# Visual Studio Version 17
VisualStudioVersion = 17.0.31903.59
MinimumVisualStudioVersion = 10.0.40219.1
Project("{54A90642-561A-4BB1-A94E-469ADEE60C69}") = "webapp", "WebApp\webapp.esproj", "{3E267B2F-906F-90D0-AE30-1D10622C2BD7}"
EndProject
Project("{2150E333-8FDC-42A3-9474-1A3956D46DE8}") = "Solution Items", "Solution Items", "{8EC462FD-D22E-90A8-E5CE-7E832BA40C5D}"
	ProjectSection(SolutionItems) = preProject
		Observex.Application\Observex.Application.csproj = Observex.Application\Observex.Application.csproj
		SignalRClienthtml.html = SignalRClienthtml.html
	EndProjectSection
EndProject
Project("{FAE04EC0-301F-11D3-BF4B-00C04F79EFBC}") = "Observex.API", "Observex.API\Observex.API.csproj", "{C5E45750-F14E-97D6-CC99-5C08262813D0}"
EndProject
Project("{FAE04EC0-301F-11D3-BF4B-00C04F79EFBC}") = "Observex.Core", "Observex.Core\Observex.Core.csproj", "{BE9B0C0D-C35B-34AA-D223-0B8FB97BEDBC}"
EndProject
Project("{FAE04EC0-301F-11D3-BF4B-00C04F79EFBC}") = "Observex.Infrastructure", "Observex.Infrastructure\Observex.Infrastructure.csproj", "{72C3D22B-E280-F4E2-FA12-6BF5E15BF03B}"
EndProject
Project("{FAE04EC0-301F-11D3-BF4B-00C04F79EFBC}") = "Observex.Application", "Observex.Application\Observex.Application.csproj", "{8A0FA9A9-1ADF-4540-7147-2982BE018A89}"
EndProject
Global
	GlobalSection(SolutionConfigurationPlatforms) = preSolution
		Debug|Any CPU = Debug|Any CPU
		Release|Any CPU = Release|Any CPU
	EndGlobalSection
	GlobalSection(ProjectConfigurationPlatforms) = postSolution
		{3E267B2F-906F-90D0-AE30-1D10622C2BD7}.Debug|Any CPU.ActiveCfg = Debug|Any CPU
		{3E267B2F-906F-90D0-AE30-1D10622C2BD7}.Debug|Any CPU.Build.0 = Debug|Any CPU
		{3E267B2F-906F-90D0-AE30-1D10622C2BD7}.Debug|Any CPU.Deploy.0 = Debug|Any CPU
		{3E267B2F-906F-90D0-AE30-1D10622C2BD7}.Release|Any CPU.ActiveCfg = Release|Any CPU
		{3E267B2F-906F-90D0-AE30-1D10622C2BD7}.Release|Any CPU.Build.0 = Release|Any CPU
		{3E267B2F-906F-90D0-AE30-1D10622C2BD7}.Release|Any CPU.Deploy.0 = Release|Any CPU
		{C5E45750-F14E-97D6-CC99-5C08262813D0}.Debug|Any CPU.ActiveCfg = Debug|Any CPU
		{C5E45750-F14E-97D6-CC99-5C08262813D0}.Debug|Any CPU.Build.0 = Debug|Any CPU
		{C5E45750-F14E-97D6-CC99-5C08262813D0}.Release|Any CPU.ActiveCfg = Release|Any CPU
		{C5E45750-F14E-97D6-CC99-5C08262813D0}.Release|Any CPU.Build.0 = Release|Any CPU
		{BE9B0C0D-C35B-34AA-D223-0B8FB97BEDBC}.Debug|Any CPU.ActiveCfg = Debug|Any CPU
		{BE9B0C0D-C35B-34AA-D223-0B8FB97BEDBC}.Debug|Any CPU.Build.0 = Debug|Any CPU
		{BE9B0C0D-C35B-34AA-D223-0B8FB97BEDBC}.Release|Any CPU.ActiveCfg = Release|Any CPU
		{BE9B0C0D-C35B-34AA-D223-0B8FB97BEDBC}.Release|Any CPU.Build.0 = Release|Any CPU
		{72C3D22B-E280-F4E2-FA12-6BF5E15BF03B}.Debug|Any CPU.ActiveCfg = Debug|Any CPU
		{72C3D22B-E280-F4E2-FA12-6BF5E15BF03B}.Debug|Any CPU.Build.0 = Debug|Any CPU
		{72C3D22B-E280-F4E2-FA12-6BF5E15BF03B}.Release|Any CPU.ActiveCfg = Release|Any CPU
		{72C3D22B-E280-F4E2-FA12-6BF5E15BF03B}.Release|Any CPU.Build.0 = Release|Any CPU
		{8A0FA9A9-1ADF-4540-7147-2982BE018A89}.Debug|Any CPU.ActiveCfg = Debug|Any CPU
		{8A0FA9A9-1ADF-4540-7147-2982BE018A89}.Debug|Any CPU.Build.0 = Debug|Any CPU
		{8A0FA9A9-1ADF-4540-7147-2982BE018A89}.Release|Any CPU.ActiveCfg = Release|Any CPU
		{8A0FA9A9-1ADF-4540-7147-2982BE018A89}.Release|Any CPU.Build.0 = Release|Any CPU
	EndGlobalSection
	GlobalSection(SolutionProperties) = preSolution
		HideSolutionNode = FALSE
	EndGlobalSection
	GlobalSection(ExtensibilityGlobals) = postSolution
		SolutionGuid = {E3218B18-3017-42E3-823A-F9990CA53FC8}
	EndGlobalSection
EndGlobal
